
Microsoft Visual Studio Solution File, Format Version 12.00
# Visual Studio Version 17
VisualStudioVersion = 17.14.36408.4 d17.14
MinimumVisualStudioVersion = 10.0.40219.1
Project("{FAE04EC0-301F-11D3-BF4B-00C04F79EFBC}") = "PlayableRPG_MasonSeale", "PlayableRPG_MasonSeale\PlayableRPG_MasonSeale.csproj", "{0C5191ED-AEEB-486F-AED8-CCC0FB3871CC}"
EndProject
Global
	GlobalSection(SolutionConfigurationPlatforms) = preSolution
		Debug|Any CPU = Debug|Any CPU
		Release|Any CPU = Release|Any CPU
	EndGlobalSection
	GlobalSection(ProjectConfigurationPlatforms) = postSolution
		{0C5191ED-AEEB-486F-AED8-CCC0FB3871CC}.Debug|Any CPU.ActiveCfg = Debug|Any CPU
		{0C5191ED-AEEB-486F-AED8-CCC0FB3871CC}.Debug|Any CPU.Build.0 = Debug|Any CPU
		{0C5191ED-AEEB-486F-AED8-CCC0FB3871CC}.Release|Any CPU.ActiveCfg = Release|Any CPU
		{0C5191ED-AEEB-486F-AED8-CCC0FB3871CC}.Release|Any CPU.Build.0 = Release|Any CPU
	EndGlobalSection
	GlobalSection(SolutionProperties) = preSolution
		HideSolutionNode = FALSE
	EndGlobalSection
	GlobalSection(ExtensibilityGlobals) = postSolution
		SolutionGuid = {B2F23839-8D62-48AE-B809-7C2C5C741413}
	EndGlobalSection
EndGlobal
